
Microsoft Visual Studio Solution File, Format Version 12.00
# Visual Studio Version 17
VisualStudioVersion = 17.10.35013.160
MinimumVisualStudioVersion = 10.0.40219.1
Project("{FAE04EC0-301F-11D3-BF4B-00C04F79EFBC}") = "BMI Calculator", "BMI Calculator.csproj", "{8429540B-648B-46DB-9AC1-3C826C875EE4}"
EndProject
Global
	GlobalSection(SolutionConfigurationPlatforms) = preSolution
		Debug|Any CPU = Debug|Any CPU
		Release|Any CPU = Release|Any CPU
	EndGlobalSection
	GlobalSection(ProjectConfigurationPlatforms) = postSolution
		{8429540B-648B-46DB-9AC1-3C826C875EE4}.Debug|Any CPU.ActiveCfg = Debug|Any CPU
		{8429540B-648B-46DB-9AC1-3C826C875EE4}.Debug|Any CPU.Build.0 = Debug|Any CPU
		{8429540B-648B-46DB-9AC1-3C826C875EE4}.Release|Any CPU.ActiveCfg = Release|Any CPU
		{8429540B-648B-46DB-9AC1-3C826C875EE4}.Release|Any CPU.Build.0 = Release|Any CPU
	EndGlobalSection
	GlobalSection(SolutionProperties) = preSolution
		HideSolutionNode = FALSE
	EndGlobalSection
	GlobalSection(ExtensibilityGlobals) = postSolution
		SolutionGuid = {91CDD90B-7AAD-437E-888B-25EDAAF8F6F1}
	EndGlobalSection
EndGlobal
